
Microsoft Visual Studio Solution File, Format Version 12.00
# Visual Studio Version 16
VisualStudioVersion = 16.0.29905.134
MinimumVisualStudioVersion = 10.0.40219.1
Project("{8BC9CEB8-8B4A-11D0-8D11-00A0C91BC942}") = "OOD Maze v3", "OOD Maze v3\OOD Maze v3.vcxproj", "{93C56972-2BC6-488E-89A8-C656D3126940}"
EndProject
Global
	GlobalSection(SolutionConfigurationPlatforms) = preSolution
		Debug|x64 = Debug|x64
		Debug|x86 = Debug|x86
		Release|x64 = Release|x64
		Release|x86 = Release|x86
	EndGlobalSection
	GlobalSection(ProjectConfigurationPlatforms) = postSolution
		{93C56972-2BC6-488E-89A8-C656D3126940}.Debug|x64.ActiveCfg = Debug|x64
		{93C56972-2BC6-488E-89A8-C656D3126940}.Debug|x64.Build.0 = Debug|x64
		{93C56972-2BC6-488E-89A8-C656D3126940}.Debug|x86.ActiveCfg = Debug|Win32
		{93C56972-2BC6-488E-89A8-C656D3126940}.Debug|x86.Build.0 = Debug|Win32
		{93C56972-2BC6-488E-89A8-C656D3126940}.Release|x64.ActiveCfg = Release|x64
		{93C56972-2BC6-488E-89A8-C656D3126940}.Release|x64.Build.0 = Release|x64
		{93C56972-2BC6-488E-89A8-C656D3126940}.Release|x86.ActiveCfg = Release|Win32
		{93C56972-2BC6-488E-89A8-C656D3126940}.Release|x86.Build.0 = Release|Win32
	EndGlobalSection
	GlobalSection(SolutionProperties) = preSolution
		HideSolutionNode = FALSE
	EndGlobalSection
	GlobalSection(ExtensibilityGlobals) = postSolution
		SolutionGuid = {CDFD7C75-A0D0-41AF-BE68-DC93AC835347}
	EndGlobalSection
EndGlobal
